
Microsoft Visual Studio Solution File, Format Version 12.00
# Visual Studio Version 16
VisualStudioVersion = 16.0.33920.266
MinimumVisualStudioVersion = 10.0.40219.1
Project("{FAE04EC0-301F-11D3-BF4B-00C04F79EFBC}") = "CalendarioClassLib", "CalendarioClassLib\CalendarioClassLib.csproj", "{8EC35DB5-26D0-475B-8E0F-62AAAF5EAE1F}"
EndProject
Project("{FAE04EC0-301F-11D3-BF4B-00C04F79EFBC}") = "Ej1_encuestas", "Ej1_encuestas\Ej1_encuestas.csproj", "{2C214913-45A0-4058-8905-39C49E01BC91}"
EndProject
Project("{FAE04EC0-301F-11D3-BF4B-00C04F79EFBC}") = "Ej2_plan_de_pagos", "Ej2_plan_de_pagos\Ej2_plan_de_pagos.csproj", "{1B6DA47D-CF6D-432B-BBAE-A3F70CB4C569}"
EndProject
Global
	GlobalSection(SolutionConfigurationPlatforms) = preSolution
		Debug|Any CPU = Debug|Any CPU
		Release|Any CPU = Release|Any CPU
	EndGlobalSection
	GlobalSection(ProjectConfigurationPlatforms) = postSolution
		{8EC35DB5-26D0-475B-8E0F-62AAAF5EAE1F}.Debug|Any CPU.ActiveCfg = Debug|Any CPU
		{8EC35DB5-26D0-475B-8E0F-62AAAF5EAE1F}.Debug|Any CPU.Build.0 = Debug|Any CPU
		{8EC35DB5-26D0-475B-8E0F-62AAAF5EAE1F}.Release|Any CPU.ActiveCfg = Release|Any CPU
		{8EC35DB5-26D0-475B-8E0F-62AAAF5EAE1F}.Release|Any CPU.Build.0 = Release|Any CPU
		{2C214913-45A0-4058-8905-39C49E01BC91}.Debug|Any CPU.ActiveCfg = Debug|Any CPU
		{2C214913-45A0-4058-8905-39C49E01BC91}.Debug|Any CPU.Build.0 = Debug|Any CPU
		{2C214913-45A0-4058-8905-39C49E01BC91}.Release|Any CPU.ActiveCfg = Release|Any CPU
		{2C214913-45A0-4058-8905-39C49E01BC91}.Release|Any CPU.Build.0 = Release|Any CPU
		{1B6DA47D-CF6D-432B-BBAE-A3F70CB4C569}.Debug|Any CPU.ActiveCfg = Debug|Any CPU
		{1B6DA47D-CF6D-432B-BBAE-A3F70CB4C569}.Debug|Any CPU.Build.0 = Debug|Any CPU
		{1B6DA47D-CF6D-432B-BBAE-A3F70CB4C569}.Release|Any CPU.ActiveCfg = Release|Any CPU
		{1B6DA47D-CF6D-432B-BBAE-A3F70CB4C569}.Release|Any CPU.Build.0 = Release|Any CPU
	EndGlobalSection
	GlobalSection(SolutionProperties) = preSolution
		HideSolutionNode = FALSE
	EndGlobalSection
	GlobalSection(ExtensibilityGlobals) = postSolution
		SolutionGuid = {DBD939B3-4D3A-4E54-900A-6DA21B8C94FE}
	EndGlobalSection
EndGlobal
